
Microsoft Visual Studio Solution File, Format Version 12.00
# Visual Studio 15
VisualStudioVersion = 15.0.28307.572
MinimumVisualStudioVersion = 10.0.40219.1
Project("{FAE04EC0-301F-11D3-BF4B-00C04F79EFBC}") = "Mic.Volo.MOBILE_ST", "Mic.Volo.MOBILE_ST\Mic.Volo.MOBILE_ST.csproj", "{289B9D96-1CEF-4054-9803-54A312B7288C}"
EndProject
Global
	GlobalSection(SolutionConfigurationPlatforms) = preSolution
		Debug|Any CPU = Debug|Any CPU
		Release|Any CPU = Release|Any CPU
	EndGlobalSection
	GlobalSection(ProjectConfigurationPlatforms) = postSolution
		{289B9D96-1CEF-4054-9803-54A312B7288C}.Debug|Any CPU.ActiveCfg = Debug|Any CPU
		{289B9D96-1CEF-4054-9803-54A312B7288C}.Debug|Any CPU.Build.0 = Debug|Any CPU
		{289B9D96-1CEF-4054-9803-54A312B7288C}.Release|Any CPU.ActiveCfg = Release|Any CPU
		{289B9D96-1CEF-4054-9803-54A312B7288C}.Release|Any CPU.Build.0 = Release|Any CPU
	EndGlobalSection
	GlobalSection(SolutionProperties) = preSolution
		HideSolutionNode = FALSE
	EndGlobalSection
	GlobalSection(ExtensibilityGlobals) = postSolution
		SolutionGuid = {5FCF3CB9-371D-4156-87A9-C09D78EF0FB6}
	EndGlobalSection
EndGlobal
